
Microsoft Visual Studio Solution File, Format Version 12.00
# Visual Studio Version 16
VisualStudioVersion = 16.0.29503.13
MinimumVisualStudioVersion = 10.0.40219.1
Project("{FAE04EC0-301F-11D3-BF4B-00C04F79EFBC}") = "BigMart", "BigMart\BigMart.csproj", "{ADE62B7B-794A-439A-B8A8-9E22E9FBECE5}"
EndProject
Global
	GlobalSection(SolutionConfigurationPlatforms) = preSolution
		Debug|Any CPU = Debug|Any CPU
		Release|Any CPU = Release|Any CPU
	EndGlobalSection
	GlobalSection(ProjectConfigurationPlatforms) = postSolution
		{ADE62B7B-794A-439A-B8A8-9E22E9FBECE5}.Debug|Any CPU.ActiveCfg = Debug|Any CPU
		{ADE62B7B-794A-439A-B8A8-9E22E9FBECE5}.Debug|Any CPU.Build.0 = Debug|Any CPU
		{ADE62B7B-794A-439A-B8A8-9E22E9FBECE5}.Release|Any CPU.ActiveCfg = Release|Any CPU
		{ADE62B7B-794A-439A-B8A8-9E22E9FBECE5}.Release|Any CPU.Build.0 = Release|Any CPU
	EndGlobalSection
	GlobalSection(SolutionProperties) = preSolution
		HideSolutionNode = FALSE
	EndGlobalSection
	GlobalSection(ExtensibilityGlobals) = postSolution
		SolutionGuid = {C6776704-769C-41D2-83BD-3D4D10CDF500}
	EndGlobalSection
EndGlobal
